// !$*UTF8*$!
{
	archiveVersion = 1;
	classes = {
	};
	objectVersion = 50;
	objects = {

/* Begin PBXBuildFile section */
		F75021B622BCFC24008704B3 /* Player.cpp in Sources */ = {isa = PBXBuildFile; fileRef = F75021B422BCFC24008704B3 /* Player.cpp */; };
		F75021BE22BE4742008704B3 /* WinScene.cpp in Sources */ = {isa = PBXBuildFile; fileRef = F75021BB22BE4742008704B3 /* WinScene.cpp */; };
		F75021BF22BE4742008704B3 /* StartScene.cpp in Sources */ = {isa = PBXBuildFile; fileRef = F75021BC22BE4742008704B3 /* StartScene.cpp */; };
		F75021C222BE5680008704B3 /* Room1Scene.cpp in Sources */ = {isa = PBXBuildFile; fileRef = F75021C122BE5680008704B3 /* Room1Scene.cpp */; };
		F7557BFC229973B500A44142 /* Assets.xcassets in Resources */ = {isa = PBXBuildFile; fileRef = F7557BFB229973B500A44142 /* Assets.xcassets */; };
		F7557BFF229973B500A44142 /* MainMenu.xib in Resources */ = {isa = PBXBuildFile; fileRef = F7557BFD229973B500A44142 /* MainMenu.xib */; };
		F7557C1A2299752900A44142 /* liballegro_video.5.2.4.dylib in Frameworks */ = {isa = PBXBuildFile; fileRef = F7557C0D2299752800A44142 /* liballegro_video.5.2.4.dylib */; };
		F7557C1B2299752900A44142 /* liballegro_audio.5.2.4.dylib in Frameworks */ = {isa = PBXBuildFile; fileRef = F7557C0E2299752800A44142 /* liballegro_audio.5.2.4.dylib */; };
		F7557C1C2299752900A44142 /* liballegro_font.5.2.4.dylib in Frameworks */ = {isa = PBXBuildFile; fileRef = F7557C0F2299752800A44142 /* liballegro_font.5.2.4.dylib */; };
		F7557C1D2299752900A44142 /* liballegro_color.5.2.4.dylib in Frameworks */ = {isa = PBXBuildFile; fileRef = F7557C102299752900A44142 /* liballegro_color.5.2.4.dylib */; };
		F7557C1E2299752900A44142 /* liballegro_physfs.5.2.4.dylib in Frameworks */ = {isa = PBXBuildFile; fileRef = F7557C112299752900A44142 /* liballegro_physfs.5.2.4.dylib */; };
		F7557C1F2299752900A44142 /* liballegro_memfile.5.2.4.dylib in Frameworks */ = {isa = PBXBuildFile; fileRef = F7557C122299752900A44142 /* liballegro_memfile.5.2.4.dylib */; };
		F7557C202299752900A44142 /* liballegro_dialog.5.2.4.dylib in Frameworks */ = {isa = PBXBuildFile; fileRef = F7557C132299752900A44142 /* liballegro_dialog.5.2.4.dylib */; };
		F7557C212299752900A44142 /* liballegro_ttf.5.2.4.dylib in Frameworks */ = {isa = PBXBuildFile; fileRef = F7557C142299752900A44142 /* liballegro_ttf.5.2.4.dylib */; };
		F7557C222299752900A44142 /* liballegro_primitives.5.2.4.dylib in Frameworks */ = {isa = PBXBuildFile; fileRef = F7557C152299752900A44142 /* liballegro_primitives.5.2.4.dylib */; };
		F7557C232299752900A44142 /* liballegro_acodec.5.2.4.dylib in Frameworks */ = {isa = PBXBuildFile; fileRef = F7557C162299752900A44142 /* liballegro_acodec.5.2.4.dylib */; };
		F7557C242299752900A44142 /* liballegro_image.5.2.4.dylib in Frameworks */ = {isa = PBXBuildFile; fileRef = F7557C172299752900A44142 /* liballegro_image.5.2.4.dylib */; };
		F7557C252299752900A44142 /* liballegro_main.5.2.4.dylib in Frameworks */ = {isa = PBXBuildFile; fileRef = F7557C182299752900A44142 /* liballegro_main.5.2.4.dylib */; };
		F7557C262299752900A44142 /* liballegro.5.2.4.dylib in Frameworks */ = {isa = PBXBuildFile; fileRef = F7557C192299752900A44142 /* liballegro.5.2.4.dylib */; };
		F78833C322A3D5B70066B270 /* Label.cpp in Sources */ = {isa = PBXBuildFile; fileRef = F788338D22A3D5B20066B270 /* Label.cpp */; };
		F78833C422A3D5B70066B270 /* Allegro5Exception.cpp in Sources */ = {isa = PBXBuildFile; fileRef = F788339022A3D5B30066B270 /* Allegro5Exception.cpp */; };
		F78833C522A3D5B70066B270 /* Plane.cpp in Sources */ = {isa = PBXBuildFile; fileRef = F788339322A3D5B30066B270 /* Plane.cpp */; };
		F78833C622A3D5B70066B270 /* Bullet.cpp in Sources */ = {isa = PBXBuildFile; fileRef = F788339522A3D5B30066B270 /* Bullet.cpp */; };
		F78833C822A3D5B70066B270 /* IScene.cpp in Sources */ = {isa = PBXBuildFile; fileRef = F788339722A3D5B30066B270 /* IScene.cpp */; };
		F78833C922A3D5B70066B270 /* IObject.cpp in Sources */ = {isa = PBXBuildFile; fileRef = F788339922A3D5B30066B270 /* IObject.cpp */; };
		F78833CB22A3D5B70066B270 /* Image.cpp in Sources */ = {isa = PBXBuildFile; fileRef = F788339C22A3D5B40066B270 /* Image.cpp */; };
		F78833CC22A3D5B70066B270 /* Collider.cpp in Sources */ = {isa = PBXBuildFile; fileRef = F78833A122A3D5B40066B270 /* Collider.cpp */; };
		F78833CD22A3D5B70066B270 /* PlayScene.cpp in Sources */ = {isa = PBXBuildFile; fileRef = F78833A222A3D5B40066B270 /* PlayScene.cpp */; };
		F78833CE22A3D5B70066B270 /* DirtyEffect.cpp in Sources */ = {isa = PBXBuildFile; fileRef = F78833A322A3D5B40066B270 /* DirtyEffect.cpp */; };
		F78833CF22A3D5B70066B270 /* ImageButton.cpp in Sources */ = {isa = PBXBuildFile; fileRef = F78833A522A3D5B40066B270 /* ImageButton.cpp */; };
		F78833D022A3D5B70066B270 /* AudioHelper.cpp in Sources */ = {isa = PBXBuildFile; fileRef = F78833A722A3D5B40066B270 /* AudioHelper.cpp */; };
		F78833D122A3D5B70066B270 /* main.cpp in Sources */ = {isa = PBXBuildFile; fileRef = F78833A922A3D5B40066B270 /* main.cpp */; };
		F78833D222A3D5B70066B270 /* Group.cpp in Sources */ = {isa = PBXBuildFile; fileRef = F78833AB22A3D5B50066B270 /* Group.cpp */; };
		F78833D322A3D5B70066B270 /* ExplosionEffect.cpp in Sources */ = {isa = PBXBuildFile; fileRef = F78833AF22A3D5B50066B270 /* ExplosionEffect.cpp */; };
		F78833D522A3D5B70066B270 /* LoseScene.cpp in Sources */ = {isa = PBXBuildFile; fileRef = F78833B322A3D5B50066B270 /* LoseScene.cpp */; };
		F78833D722A3D5B70066B270 /* IControl.cpp in Sources */ = {isa = PBXBuildFile; fileRef = F78833B522A3D5B60066B270 /* IControl.cpp */; };
		F78833D922A3D5B70066B270 /* Point.cpp in Sources */ = {isa = PBXBuildFile; fileRef = F78833B722A3D5B60066B270 /* Point.cpp */; };
		F78833DA22A3D5B70066B270 /* LOG.cpp in Sources */ = {isa = PBXBuildFile; fileRef = F78833B922A3D5B60066B270 /* LOG.cpp */; };
		F78833DB22A3D5B70066B270 /* GameEngine.cpp in Sources */ = {isa = PBXBuildFile; fileRef = F78833BC22A3D5B60066B270 /* GameEngine.cpp */; };
		F78833DE22A3D5B70066B270 /* Enemy.cpp in Sources */ = {isa = PBXBuildFile; fileRef = F78833C122A3D5B70066B270 /* Enemy.cpp */; };
		F78833F922A3D5CD0066B270 /* Turret.cpp in Sources */ = {isa = PBXBuildFile; fileRef = F78833E022A3D5CA0066B270 /* Turret.cpp */; };
		F78833FA22A3D5CD0066B270 /* PlayerSelectScene.cpp in Sources */ = {isa = PBXBuildFile; fileRef = F78833E122A3D5CA0066B270 /* PlayerSelectScene.cpp */; };
		F78833FE22A3D5CD0066B270 /* Resources.cpp in Sources */ = {isa = PBXBuildFile; fileRef = F78833E822A3D5CB0066B270 /* Resources.cpp */; };
		F788340122A3D5CD0066B270 /* Slider.cpp in Sources */ = {isa = PBXBuildFile; fileRef = F78833EE22A3D5CB0066B270 /* Slider.cpp */; };
		F788340222A3D5CD0066B270 /* TurretButton.cpp in Sources */ = {isa = PBXBuildFile; fileRef = F78833F022A3D5CC0066B270 /* TurretButton.cpp */; };
		F788340422A3D5CD0066B270 /* Sprite.cpp in Sources */ = {isa = PBXBuildFile; fileRef = F78833F422A3D5CC0066B270 /* Sprite.cpp */; };
		F7D2ADA4229AE17900E4826E /* resources in Resources */ = {isa = PBXBuildFile; fileRef = F7D2ADA3229AE17900E4826E /* resources */; };
/* End PBXBuildFile section */

/* Begin PBXFileReference section */
		F75021B422BCFC24008704B3 /* Player.cpp */ = {isa = PBXFileReference; lastKnownFileType = sourcecode.cpp.cpp; path = Player.cpp; sourceTree = "<group>"; };
		F75021B522BCFC24008704B3 /* Player.hpp */ = {isa = PBXFileReference; lastKnownFileType = sourcecode.cpp.h; path = Player.hpp; sourceTree = "<group>"; };
		F75021BA22BE4741008704B3 /* StartScene.hpp */ = {isa = PBXFileReference; lastKnownFileType = sourcecode.cpp.h; path = StartScene.hpp; sourceTree = "<group>"; };
		F75021BB22BE4742008704B3 /* WinScene.cpp */ = {isa = PBXFileReference; lastKnownFileType = sourcecode.cpp.cpp; path = WinScene.cpp; sourceTree = "<group>"; };
		F75021BC22BE4742008704B3 /* StartScene.cpp */ = {isa = PBXFileReference; lastKnownFileType = sourcecode.cpp.cpp; path = StartScene.cpp; sourceTree = "<group>"; };
		F75021BD22BE4742008704B3 /* WinScene.hpp */ = {isa = PBXFileReference; lastKnownFileType = sourcecode.cpp.h; path = WinScene.hpp; sourceTree = "<group>"; };
		F75021C022BE5680008704B3 /* Room1Scene.hpp */ = {isa = PBXFileReference; lastKnownFileType = sourcecode.cpp.h; path = Room1Scene.hpp; sourceTree = "<group>"; };
		F75021C122BE5680008704B3 /* Room1Scene.cpp */ = {isa = PBXFileReference; lastKnownFileType = sourcecode.cpp.cpp; path = Room1Scene.cpp; sourceTree = "<group>"; };
		F7557BF5229973B400A44142 /* FinalProject.app */ = {isa = PBXFileReference; explicitFileType = wrapper.application; includeInIndex = 0; path = FinalProject.app; sourceTree = BUILT_PRODUCTS_DIR; };
		F7557BFB229973B500A44142 /* Assets.xcassets */ = {isa = PBXFileReference; lastKnownFileType = folder.assetcatalog; path = Assets.xcassets; sourceTree = "<group>"; };
		F7557BFE229973B500A44142 /* Base */ = {isa = PBXFileReference; lastKnownFileType = file.xib; name = Base; path = Base.lproj/MainMenu.xib; sourceTree = "<group>"; };
		F7557C00229973B500A44142 /* Info.plist */ = {isa = PBXFileReference; lastKnownFileType = text.plist.xml; path = Info.plist; sourceTree = "<group>"; };
		F7557C03229973B500A44142 /* FinalProject.entitlements */ = {isa = PBXFileReference; lastKnownFileType = text.plist.entitlements; path = FinalProject.entitlements; sourceTree = "<group>"; };
		F7557C0D2299752800A44142 /* liballegro_video.5.2.4.dylib */ = {isa = PBXFileReference; lastKnownFileType = "compiled.mach-o.dylib"; name = liballegro_video.5.2.4.dylib; path = ../../../../../../usr/local/Cellar/allegro/5.2.4.0/lib/liballegro_video.5.2.4.dylib; sourceTree = "<group>"; };
		F7557C0E2299752800A44142 /* liballegro_audio.5.2.4.dylib */ = {isa = PBXFileReference; lastKnownFileType = "compiled.mach-o.dylib"; name = liballegro_audio.5.2.4.dylib; path = ../../../../../../usr/local/Cellar/allegro/5.2.4.0/lib/liballegro_audio.5.2.4.dylib; sourceTree = "<group>"; };
		F7557C0F2299752800A44142 /* liballegro_font.5.2.4.dylib */ = {isa = PBXFileReference; lastKnownFileType = "compiled.mach-o.dylib"; name = liballegro_font.5.2.4.dylib; path = ../../../../../../usr/local/Cellar/allegro/5.2.4.0/lib/liballegro_font.5.2.4.dylib; sourceTree = "<group>"; };
		F7557C102299752900A44142 /* liballegro_color.5.2.4.dylib */ = {isa = PBXFileReference; lastKnownFileType = "compiled.mach-o.dylib"; name = liballegro_color.5.2.4.dylib; path = ../../../../../../usr/local/Cellar/allegro/5.2.4.0/lib/liballegro_color.5.2.4.dylib; sourceTree = "<group>"; };
		F7557C112299752900A44142 /* liballegro_physfs.5.2.4.dylib */ = {isa = PBXFileReference; lastKnownFileType = "compiled.mach-o.dylib"; name = liballegro_physfs.5.2.4.dylib; path = ../../../../../../usr/local/Cellar/allegro/5.2.4.0/lib/liballegro_physfs.5.2.4.dylib; sourceTree = "<group>"; };
		F7557C122299752900A44142 /* liballegro_memfile.5.2.4.dylib */ = {isa = PBXFileReference; lastKnownFileType = "compiled.mach-o.dylib"; name = liballegro_memfile.5.2.4.dylib; path = ../../../../../../usr/local/Cellar/allegro/5.2.4.0/lib/liballegro_memfile.5.2.4.dylib; sourceTree = "<group>"; };
		F7557C132299752900A44142 /* liballegro_dialog.5.2.4.dylib */ = {isa = PBXFileReference; lastKnownFileType = "compiled.mach-o.dylib"; name = liballegro_dialog.5.2.4.dylib; path = ../../../../../../usr/local/Cellar/allegro/5.2.4.0/lib/liballegro_dialog.5.2.4.dylib; sourceTree = "<group>"; };
		F7557C142299752900A44142 /* liballegro_ttf.5.2.4.dylib */ = {isa = PBXFileReference; lastKnownFileType = "compiled.mach-o.dylib"; name = liballegro_ttf.5.2.4.dylib; path = ../../../../../../usr/local/Cellar/allegro/5.2.4.0/lib/liballegro_ttf.5.2.4.dylib; sourceTree = "<group>"; };
		F7557C152299752900A44142 /* liballegro_primitives.5.2.4.dylib */ = {isa = PBXFileReference; lastKnownFileType = "compiled.mach-o.dylib"; name = liballegro_primitives.5.2.4.dylib; path = ../../../../../../usr/local/Cellar/allegro/5.2.4.0/lib/liballegro_primitives.5.2.4.dylib; sourceTree = "<group>"; };
		F7557C162299752900A44142 /* liballegro_acodec.5.2.4.dylib */ = {isa = PBXFileReference; lastKnownFileType = "compiled.mach-o.dylib"; name = liballegro_acodec.5.2.4.dylib; path = ../../../../../../usr/local/Cellar/allegro/5.2.4.0/lib/liballegro_acodec.5.2.4.dylib; sourceTree = "<group>"; };
		F7557C172299752900A44142 /* liballegro_image.5.2.4.dylib */ = {isa = PBXFileReference; lastKnownFileType = "compiled.mach-o.dylib"; name = liballegro_image.5.2.4.dylib; path = ../../../../../../usr/local/Cellar/allegro/5.2.4.0/lib/liballegro_image.5.2.4.dylib; sourceTree = "<group>"; };
		F7557C182299752900A44142 /* liballegro_main.5.2.4.dylib */ = {isa = PBXFileReference; lastKnownFileType = "compiled.mach-o.dylib"; name = liballegro_main.5.2.4.dylib; path = ../../../../../../usr/local/Cellar/allegro/5.2.4.0/lib/liballegro_main.5.2.4.dylib; sourceTree = "<group>"; };
		F7557C192299752900A44142 /* liballegro.5.2.4.dylib */ = {isa = PBXFileReference; lastKnownFileType = "compiled.mach-o.dylib"; name = liballegro.5.2.4.dylib; path = ../../../../../../usr/local/Cellar/allegro/5.2.4.0/lib/liballegro.5.2.4.dylib; sourceTree = "<group>"; };
		F788338C22A3D5B20066B270 /* GameEngine.hpp */ = {isa = PBXFileReference; fileEncoding = 4; lastKnownFileType = sourcecode.cpp.h; path = GameEngine.hpp; sourceTree = "<group>"; };
		F788338D22A3D5B20066B270 /* Label.cpp */ = {isa = PBXFileReference; fileEncoding = 4; lastKnownFileType = sourcecode.cpp.cpp; path = Label.cpp; sourceTree = "<group>"; };
		F788338F22A3D5B30066B270 /* Bullet.hpp */ = {isa = PBXFileReference; fileEncoding = 4; lastKnownFileType = sourcecode.cpp.h; path = Bullet.hpp; sourceTree = "<group>"; };
		F788339022A3D5B30066B270 /* Allegro5Exception.cpp */ = {isa = PBXFileReference; fileEncoding = 4; lastKnownFileType = sourcecode.cpp.cpp; path = Allegro5Exception.cpp; sourceTree = "<group>"; };
		F788339222A3D5B30066B270 /* ExplosionEffect.hpp */ = {isa = PBXFileReference; fileEncoding = 4; lastKnownFileType = sourcecode.cpp.h; path = ExplosionEffect.hpp; sourceTree = "<group>"; };
		F788339322A3D5B30066B270 /* Plane.cpp */ = {isa = PBXFileReference; fileEncoding = 4; lastKnownFileType = sourcecode.cpp.cpp; path = Plane.cpp; sourceTree = "<group>"; };
		F788339422A3D5B30066B270 /* Group.hpp */ = {isa = PBXFileReference; fileEncoding = 4; lastKnownFileType = sourcecode.cpp.h; path = Group.hpp; sourceTree = "<group>"; };
		F788339522A3D5B30066B270 /* Bullet.cpp */ = {isa = PBXFileReference; fileEncoding = 4; lastKnownFileType = sourcecode.cpp.cpp; path = Bullet.cpp; sourceTree = "<group>"; };
		F788339722A3D5B30066B270 /* IScene.cpp */ = {isa = PBXFileReference; fileEncoding = 4; lastKnownFileType = sourcecode.cpp.cpp; path = IScene.cpp; sourceTree = "<group>"; };
		F788339822A3D5B30066B270 /* AudioHelper.hpp */ = {isa = PBXFileReference; fileEncoding = 4; lastKnownFileType = sourcecode.cpp.h; path = AudioHelper.hpp; sourceTree = "<group>"; };
		F788339922A3D5B30066B270 /* IObject.cpp */ = {isa = PBXFileReference; fileEncoding = 4; lastKnownFileType = sourcecode.cpp.cpp; path = IObject.cpp; sourceTree = "<group>"; };
		F788339A22A3D5B30066B270 /* Plane.hpp */ = {isa = PBXFileReference; fileEncoding = 4; lastKnownFileType = sourcecode.cpp.h; path = Plane.hpp; sourceTree = "<group>"; };
		F788339C22A3D5B40066B270 /* Image.cpp */ = {isa = PBXFileReference; fileEncoding = 4; lastKnownFileType = sourcecode.cpp.cpp; path = Image.cpp; sourceTree = "<group>"; };
		F788339F22A3D5B40066B270 /* LoseScene.hpp */ = {isa = PBXFileReference; fileEncoding = 4; lastKnownFileType = sourcecode.cpp.h; path = LoseScene.hpp; sourceTree = "<group>"; };
		F78833A022A3D5B40066B270 /* Collider.hpp */ = {isa = PBXFileReference; fileEncoding = 4; lastKnownFileType = sourcecode.cpp.h; path = Collider.hpp; sourceTree = "<group>"; };
		F78833A122A3D5B40066B270 /* Collider.cpp */ = {isa = PBXFileReference; fileEncoding = 4; lastKnownFileType = sourcecode.cpp.cpp; path = Collider.cpp; sourceTree = "<group>"; };
		F78833A222A3D5B40066B270 /* PlayScene.cpp */ = {isa = PBXFileReference; fileEncoding = 4; lastKnownFileType = sourcecode.cpp.cpp; path = PlayScene.cpp; sourceTree = "<group>"; };
		F78833A322A3D5B40066B270 /* DirtyEffect.cpp */ = {isa = PBXFileReference; fileEncoding = 4; lastKnownFileType = sourcecode.cpp.cpp; path = DirtyEffect.cpp; sourceTree = "<group>"; };
		F78833A522A3D5B40066B270 /* ImageButton.cpp */ = {isa = PBXFileReference; fileEncoding = 4; lastKnownFileType = sourcecode.cpp.cpp; path = ImageButton.cpp; sourceTree = "<group>"; };
		F78833A622A3D5B40066B270 /* Point.hpp */ = {isa = PBXFileReference; fileEncoding = 4; lastKnownFileType = sourcecode.cpp.h; path = Point.hpp; sourceTree = "<group>"; };
		F78833A722A3D5B40066B270 /* AudioHelper.cpp */ = {isa = PBXFileReference; fileEncoding = 4; lastKnownFileType = sourcecode.cpp.cpp; path = AudioHelper.cpp; sourceTree = "<group>"; };
		F78833A822A3D5B40066B270 /* IObject.hpp */ = {isa = PBXFileReference; fileEncoding = 4; lastKnownFileType = sourcecode.cpp.h; path = IObject.hpp; sourceTree = "<group>"; };
		F78833A922A3D5B40066B270 /* main.cpp */ = {isa = PBXFileReference; fileEncoding = 4; lastKnownFileType = sourcecode.cpp.cpp; path = main.cpp; sourceTree = "<group>"; };
		F78833AA22A3D5B50066B270 /* Label.hpp */ = {isa = PBXFileReference; fileEncoding = 4; lastKnownFileType = sourcecode.cpp.h; path = Label.hpp; sourceTree = "<group>"; };
		F78833AB22A3D5B50066B270 /* Group.cpp */ = {isa = PBXFileReference; fileEncoding = 4; lastKnownFileType = sourcecode.cpp.cpp; path = Group.cpp; sourceTree = "<group>"; };
		F78833AC22A3D5B50066B270 /* PlayScene.hpp */ = {isa = PBXFileReference; fileEncoding = 4; lastKnownFileType = sourcecode.cpp.h; path = PlayScene.hpp; sourceTree = "<group>"; };
		F78833AD22A3D5B50066B270 /* IControl.hpp */ = {isa = PBXFileReference; fileEncoding = 4; lastKnownFileType = sourcecode.cpp.h; path = IControl.hpp; sourceTree = "<group>"; };
		F78833AE22A3D5B50066B270 /* Image.hpp */ = {isa = PBXFileReference; fileEncoding = 4; lastKnownFileType = sourcecode.cpp.h; path = Image.hpp; sourceTree = "<group>"; };
		F78833AF22A3D5B50066B270 /* ExplosionEffect.cpp */ = {isa = PBXFileReference; fileEncoding = 4; lastKnownFileType = sourcecode.cpp.cpp; path = ExplosionEffect.cpp; sourceTree = "<group>"; };
		F78833B022A3D5B50066B270 /* LOG.hpp */ = {isa = PBXFileReference; fileEncoding = 4; lastKnownFileType = sourcecode.cpp.h; path = LOG.hpp; sourceTree = "<group>"; };
		F78833B222A3D5B50066B270 /* ImageButton.hpp */ = {isa = PBXFileReference; fileEncoding = 4; lastKnownFileType = sourcecode.cpp.h; path = ImageButton.hpp; sourceTree = "<group>"; };
		F78833B322A3D5B50066B270 /* LoseScene.cpp */ = {isa = PBXFileReference; fileEncoding = 4; lastKnownFileType = sourcecode.cpp.cpp; path = LoseScene.cpp; sourceTree = "<group>"; };
		F78833B522A3D5B60066B270 /* IControl.cpp */ = {isa = PBXFileReference; fileEncoding = 4; lastKnownFileType = sourcecode.cpp.cpp; path = IControl.cpp; sourceTree = "<group>"; };
		F78833B722A3D5B60066B270 /* Point.cpp */ = {isa = PBXFileReference; fileEncoding = 4; lastKnownFileType = sourcecode.cpp.cpp; path = Point.cpp; sourceTree = "<group>"; };
		F78833B822A3D5B60066B270 /* Allegro5Exception.hpp */ = {isa = PBXFileReference; fileEncoding = 4; lastKnownFileType = sourcecode.cpp.h; path = Allegro5Exception.hpp; sourceTree = "<group>"; };
		F78833B922A3D5B60066B270 /* LOG.cpp */ = {isa = PBXFileReference; fileEncoding = 4; lastKnownFileType = sourcecode.cpp.cpp; path = LOG.cpp; sourceTree = "<group>"; };
		F78833BA22A3D5B60066B270 /* Enemy.hpp */ = {isa = PBXFileReference; fileEncoding = 4; lastKnownFileType = sourcecode.cpp.h; path = Enemy.hpp; sourceTree = "<group>"; };
		F78833BB22A3D5B60066B270 /* IScene.hpp */ = {isa = PBXFileReference; fileEncoding = 4; lastKnownFileType = sourcecode.cpp.h; path = IScene.hpp; sourceTree = "<group>"; };
		F78833BC22A3D5B60066B270 /* GameEngine.cpp */ = {isa = PBXFileReference; fileEncoding = 4; lastKnownFileType = sourcecode.cpp.cpp; path = GameEngine.cpp; sourceTree = "<group>"; };
		F78833BF22A3D5B60066B270 /* DirtyEffect.hpp */ = {isa = PBXFileReference; fileEncoding = 4; lastKnownFileType = sourcecode.cpp.h; path = DirtyEffect.hpp; sourceTree = "<group>"; };
		F78833C122A3D5B70066B270 /* Enemy.cpp */ = {isa = PBXFileReference; fileEncoding = 4; lastKnownFileType = sourcecode.cpp.cpp; path = Enemy.cpp; sourceTree = "<group>"; };
		F78833DF22A3D5CA0066B270 /* TurretButton.hpp */ = {isa = PBXFileReference; fileEncoding = 4; lastKnownFileType = sourcecode.cpp.h; path = TurretButton.hpp; sourceTree = "<group>"; };
		F78833E022A3D5CA0066B270 /* Turret.cpp */ = {isa = PBXFileReference; fileEncoding = 4; lastKnownFileType = sourcecode.cpp.cpp; path = Turret.cpp; sourceTree = "<group>"; };
		F78833E122A3D5CA0066B270 /* PlayerSelectScene.cpp */ = {isa = PBXFileReference; fileEncoding = 4; lastKnownFileType = sourcecode.cpp.cpp; path = PlayerSelectScene.cpp; sourceTree = "<group>"; };
		F78833E322A3D5CA0066B270 /* Turret.hpp */ = {isa = PBXFileReference; fileEncoding = 4; lastKnownFileType = sourcecode.cpp.h; path = Turret.hpp; sourceTree = "<group>"; };
		F78833E822A3D5CB0066B270 /* Resources.cpp */ = {isa = PBXFileReference; fileEncoding = 4; lastKnownFileType = sourcecode.cpp.cpp; path = Resources.cpp; sourceTree = "<group>"; };
		F78833E922A3D5CB0066B270 /* Sprite.hpp */ = {isa = PBXFileReference; fileEncoding = 4; lastKnownFileType = sourcecode.cpp.h; path = Sprite.hpp; sourceTree = "<group>"; };
		F78833EA22A3D5CB0066B270 /* Slider.hpp */ = {isa = PBXFileReference; fileEncoding = 4; lastKnownFileType = sourcecode.cpp.h; path = Slider.hpp; sourceTree = "<group>"; };
		F78833EE22A3D5CB0066B270 /* Slider.cpp */ = {isa = PBXFileReference; fileEncoding = 4; lastKnownFileType = sourcecode.cpp.cpp; path = Slider.cpp; sourceTree = "<group>"; };
		F78833F022A3D5CC0066B270 /* TurretButton.cpp */ = {isa = PBXFileReference; fileEncoding = 4; lastKnownFileType = sourcecode.cpp.cpp; path = TurretButton.cpp; sourceTree = "<group>"; };
		F78833F222A3D5CC0066B270 /* PlayerSelectScene.hpp */ = {isa = PBXFileReference; fileEncoding = 4; lastKnownFileType = sourcecode.cpp.h; path = PlayerSelectScene.hpp; sourceTree = "<group>"; };
		F78833F422A3D5CC0066B270 /* Sprite.cpp */ = {isa = PBXFileReference; fileEncoding = 4; lastKnownFileType = sourcecode.cpp.cpp; path = Sprite.cpp; sourceTree = "<group>"; };
		F78833F622A3D5CC0066B270 /* Resources.hpp */ = {isa = PBXFileReference; fileEncoding = 4; lastKnownFileType = sourcecode.cpp.h; path = Resources.hpp; sourceTree = "<group>"; };
		F7D2ADA3229AE17900E4826E /* resources */ = {isa = PBXFileReference; lastKnownFileType = folder; path = resources; sourceTree = "<group>"; };
/* End PBXFileReference section */

/* Begin PBXFrameworksBuildPhase section */
		F7557BF2229973B400A44142 /* Frameworks */ = {
			isa = PBXFrameworksBuildPhase;
			buildActionMask = 2147483647;
			files = (
				F7557C1A2299752900A44142 /* liballegro_video.5.2.4.dylib in Frameworks */,
				F7557C1B2299752900A44142 /* liballegro_audio.5.2.4.dylib in Frameworks */,
				F7557C1C2299752900A44142 /* liballegro_font.5.2.4.dylib in Frameworks */,
				F7557C1D2299752900A44142 /* liballegro_color.5.2.4.dylib in Frameworks */,
				F7557C1E2299752900A44142 /* liballegro_physfs.5.2.4.dylib in Frameworks */,
				F7557C1F2299752900A44142 /* liballegro_memfile.5.2.4.dylib in Frameworks */,
				F7557C202299752900A44142 /* liballegro_dialog.5.2.4.dylib in Frameworks */,
				F7557C212299752900A44142 /* liballegro_ttf.5.2.4.dylib in Frameworks */,
				F7557C222299752900A44142 /* liballegro_primitives.5.2.4.dylib in Frameworks */,
				F7557C232299752900A44142 /* liballegro_acodec.5.2.4.dylib in Frameworks */,
				F7557C242299752900A44142 /* liballegro_image.5.2.4.dylib in Frameworks */,
				F7557C252299752900A44142 /* liballegro_main.5.2.4.dylib in Frameworks */,
				F7557C262299752900A44142 /* liballegro.5.2.4.dylib in Frameworks */,
			);
			runOnlyForDeploymentPostprocessing = 0;
		};
/* End PBXFrameworksBuildPhase section */

/* Begin PBXGroup section */
		F7557BEC229973B400A44142 = {
			isa = PBXGroup;
			children = (
				F7D2ADA3229AE17900E4826E /* resources */,
				F75021B422BCFC24008704B3 /* Player.cpp */,
				F75021B522BCFC24008704B3 /* Player.hpp */,
				F75021C122BE5680008704B3 /* Room1Scene.cpp */,
				F75021C022BE5680008704B3 /* Room1Scene.hpp */,
				F75021BC22BE4742008704B3 /* StartScene.cpp */,
				F75021BA22BE4741008704B3 /* StartScene.hpp */,
				F78833A922A3D5B40066B270 /* main.cpp */,
				F78833F222A3D5CC0066B270 /* PlayerSelectScene.hpp */,
				F78833E122A3D5CA0066B270 /* PlayerSelectScene.cpp */,
				F78833A222A3D5B40066B270 /* PlayScene.cpp */,
				F78833AC22A3D5B50066B270 /* PlayScene.hpp */,
				F75021BB22BE4742008704B3 /* WinScene.cpp */,
				F75021BD22BE4742008704B3 /* WinScene.hpp */,
				F78833BC22A3D5B60066B270 /* GameEngine.cpp */,
				F788338C22A3D5B20066B270 /* GameEngine.hpp */,
				F78833AB22A3D5B50066B270 /* Group.cpp */,
				F788339422A3D5B30066B270 /* Group.hpp */,
				F78833B522A3D5B60066B270 /* IControl.cpp */,
				F78833AD22A3D5B50066B270 /* IControl.hpp */,
				F788339C22A3D5B40066B270 /* Image.cpp */,
				F78833AE22A3D5B50066B270 /* Image.hpp */,
				F78833A522A3D5B40066B270 /* ImageButton.cpp */,
				F78833B222A3D5B50066B270 /* ImageButton.hpp */,
				F788339922A3D5B30066B270 /* IObject.cpp */,
				F78833A822A3D5B40066B270 /* IObject.hpp */,
				F788339722A3D5B30066B270 /* IScene.cpp */,
				F78833BB22A3D5B60066B270 /* IScene.hpp */,
				F788338D22A3D5B20066B270 /* Label.cpp */,
				F78833AA22A3D5B50066B270 /* Label.hpp */,
				F78833B922A3D5B60066B270 /* LOG.cpp */,
				F78833B022A3D5B50066B270 /* LOG.hpp */,
				F78833B322A3D5B50066B270 /* LoseScene.cpp */,
				F788339F22A3D5B40066B270 /* LoseScene.hpp */,
				F78833B722A3D5B60066B270 /* Point.cpp */,
				F78833A622A3D5B40066B270 /* Point.hpp */,
				F78833E822A3D5CB0066B270 /* Resources.cpp */,
				F78833F622A3D5CC0066B270 /* Resources.hpp */,
				F78833EE22A3D5CB0066B270 /* Slider.cpp */,
				F78833EA22A3D5CB0066B270 /* Slider.hpp */,
				F78833F422A3D5CC0066B270 /* Sprite.cpp */,
				F78833E922A3D5CB0066B270 /* Sprite.hpp */,
				F78833DF22A3D5CA0066B270 /* TurretButton.hpp */,
				F78833F022A3D5CC0066B270 /* TurretButton.cpp */,
				F78833E022A3D5CA0066B270 /* Turret.cpp */,
				F78833E322A3D5CA0066B270 /* Turret.hpp */,
				F788339322A3D5B30066B270 /* Plane.cpp */,
				F788339A22A3D5B30066B270 /* Plane.hpp */,
				F788339522A3D5B30066B270 /* Bullet.cpp */,
				F788338F22A3D5B30066B270 /* Bullet.hpp */,
				F78833A122A3D5B40066B270 /* Collider.cpp */,
				F78833A022A3D5B40066B270 /* Collider.hpp */,
				F78833A322A3D5B40066B270 /* DirtyEffect.cpp */,
				F78833BF22A3D5B60066B270 /* DirtyEffect.hpp */,
				F78833C122A3D5B70066B270 /* Enemy.cpp */,
				F78833BA22A3D5B60066B270 /* Enemy.hpp */,
				F78833AF22A3D5B50066B270 /* ExplosionEffect.cpp */,
				F788339222A3D5B30066B270 /* ExplosionEffect.hpp */,
				F7557BF7229973B400A44142 /* FinalProject */,
				F7557C0C2299752800A44142 /* Frameworks */,
				F7557BF6229973B400A44142 /* Products */,
				F788339022A3D5B30066B270 /* Allegro5Exception.cpp */,
				F78833B822A3D5B60066B270 /* Allegro5Exception.hpp */,
				F78833A722A3D5B40066B270 /* AudioHelper.cpp */,
				F788339822A3D5B30066B270 /* AudioHelper.hpp */,
			);
			sourceTree = "<group>";
		};
		F7557BF6229973B400A44142 /* Products */ = {
			isa = PBXGroup;
			children = (
				F7557BF5229973B400A44142 /* FinalProject.app */,
			);
			name = Products;
			sourceTree = "<group>";
		};
		F7557BF7229973B400A44142 /* FinalProject */ = {
			isa = PBXGroup;
			children = (
				F7557BFB229973B500A44142 /* Assets.xcassets */,
				F7557BFD229973B500A44142 /* MainMenu.xib */,
				F7557C00229973B500A44142 /* Info.plist */,
				F7557C03229973B500A44142 /* FinalProject.entitlements */,
			);
			path = FinalProject;
			sourceTree = "<group>";
		};
		F7557C0C2299752800A44142 /* Frameworks */ = {
			isa = PBXGroup;
			children = (
				F7557C162299752900A44142 /* liballegro_acodec.5.2.4.dylib */,
				F7557C0E2299752800A44142 /* liballegro_audio.5.2.4.dylib */,
				F7557C102299752900A44142 /* liballegro_color.5.2.4.dylib */,
				F7557C132299752900A44142 /* liballegro_dialog.5.2.4.dylib */,
				F7557C0F2299752800A44142 /* liballegro_font.5.2.4.dylib */,
				F7557C172299752900A44142 /* liballegro_image.5.2.4.dylib */,
				F7557C182299752900A44142 /* liballegro_main.5.2.4.dylib */,
				F7557C122299752900A44142 /* liballegro_memfile.5.2.4.dylib */,
				F7557C112299752900A44142 /* liballegro_physfs.5.2.4.dylib */,
				F7557C152299752900A44142 /* liballegro_primitives.5.2.4.dylib */,
				F7557C142299752900A44142 /* liballegro_ttf.5.2.4.dylib */,
				F7557C0D2299752800A44142 /* liballegro_video.5.2.4.dylib */,
				F7557C192299752900A44142 /* liballegro.5.2.4.dylib */,
			);
			name = Frameworks;
			sourceTree = "<group>";
		};
/* End PBXGroup section */

/* Begin PBXNativeTarget section */
		F7557BF4229973B400A44142 /* FinalProject */ = {
			isa = PBXNativeTarget;
			buildConfigurationList = F7557C06229973B500A44142 /* Build configuration list for PBXNativeTarget "FinalProject" */;
			buildPhases = (
				F7557BF1229973B400A44142 /* Sources */,
				F7557BF2229973B400A44142 /* Frameworks */,
				F7557BF3229973B400A44142 /* Resources */,
			);
			buildRules = (
			);
			dependencies = (
			);
			name = FinalProject;
			productName = FinalProject;
			productReference = F7557BF5229973B400A44142 /* FinalProject.app */;
			productType = "com.apple.product-type.application";
		};
/* End PBXNativeTarget section */

/* Begin PBXProject section */
		F7557BED229973B400A44142 /* Project object */ = {
			isa = PBXProject;
			attributes = {
				LastUpgradeCheck = 1020;
				ORGANIZATIONNAME = "lo peichieh";
				TargetAttributes = {
					F7557BF4229973B400A44142 = {
						CreatedOnToolsVersion = 10.2.1;
					};
				};
			};
			buildConfigurationList = F7557BF0229973B400A44142 /* Build configuration list for PBXProject "FinalProject" */;
			compatibilityVersion = "Xcode 9.3";
			developmentRegion = en;
			hasScannedForEncodings = 0;
			knownRegions = (
				en,
				Base,
			);
			mainGroup = F7557BEC229973B400A44142;
			productRefGroup = F7557BF6229973B400A44142 /* Products */;
			projectDirPath = "";
			projectRoot = "";
			targets = (
				F7557BF4229973B400A44142 /* FinalProject */,
			);
		};
/* End PBXProject section */

/* Begin PBXResourcesBuildPhase section */
		F7557BF3229973B400A44142 /* Resources */ = {
			isa = PBXResourcesBuildPhase;
			buildActionMask = 2147483647;
			files = (
				F7557BFC229973B500A44142 /* Assets.xcassets in Resources */,
				F7D2ADA4229AE17900E4826E /* resources in Resources */,
				F7557BFF229973B500A44142 /* MainMenu.xib in Resources */,
			);
			runOnlyForDeploymentPostprocessing = 0;
		};
/* End PBXResourcesBuildPhase section */

/* Begin PBXSourcesBuildPhase section */
		F7557BF1229973B400A44142 /* Sources */ = {
			isa = PBXSourcesBuildPhase;
			buildActionMask = 2147483647;
			files = (
				F788340122A3D5CD0066B270 /* Slider.cpp in Sources */,
				F788340422A3D5CD0066B270 /* Sprite.cpp in Sources */,
				F78833C522A3D5B70066B270 /* Plane.cpp in Sources */,
				F75021BE22BE4742008704B3 /* WinScene.cpp in Sources */,
				F78833C422A3D5B70066B270 /* Allegro5Exception.cpp in Sources */,
				F75021BF22BE4742008704B3 /* StartScene.cpp in Sources */,
				F75021B622BCFC24008704B3 /* Player.cpp in Sources */,
				F78833C822A3D5B70066B270 /* IScene.cpp in Sources */,
				F78833CE22A3D5B70066B270 /* DirtyEffect.cpp in Sources */,
				F78833CD22A3D5B70066B270 /* PlayScene.cpp in Sources */,
				F78833D522A3D5B70066B270 /* LoseScene.cpp in Sources */,
				F78833FE22A3D5CD0066B270 /* Resources.cpp in Sources */,
				F78833F922A3D5CD0066B270 /* Turret.cpp in Sources */,
				F78833D722A3D5B70066B270 /* IControl.cpp in Sources */,
				F78833D222A3D5B70066B270 /* Group.cpp in Sources */,
				F78833C922A3D5B70066B270 /* IObject.cpp in Sources */,
				F75021C222BE5680008704B3 /* Room1Scene.cpp in Sources */,
				F78833DE22A3D5B70066B270 /* Enemy.cpp in Sources */,
				F78833D122A3D5B70066B270 /* main.cpp in Sources */,
				F78833D022A3D5B70066B270 /* AudioHelper.cpp in Sources */,
				F78833DB22A3D5B70066B270 /* GameEngine.cpp in Sources */,
				F78833D922A3D5B70066B270 /* Point.cpp in Sources */,
				F78833CB22A3D5B70066B270 /* Image.cpp in Sources */,
				F788340222A3D5CD0066B270 /* TurretButton.cpp in Sources */,
				F78833DA22A3D5B70066B270 /* LOG.cpp in Sources */,
				F78833D322A3D5B70066B270 /* ExplosionEffect.cpp in Sources */,
				F78833CC22A3D5B70066B270 /* Collider.cpp in Sources */,
				F78833C322A3D5B70066B270 /* Label.cpp in Sources */,
				F78833CF22A3D5B70066B270 /* ImageButton.cpp in Sources */,
				F78833C622A3D5B70066B270 /* Bullet.cpp in Sources */,
				F78833FA22A3D5CD0066B270 /* PlayerSelectScene.cpp in Sources */,
			);
			runOnlyForDeploymentPostprocessing = 0;
		};
/* End PBXSourcesBuildPhase section */

/* Begin PBXVariantGroup section */
		F7557BFD229973B500A44142 /* MainMenu.xib */ = {
			isa = PBXVariantGroup;
			children = (
				F7557BFE229973B500A44142 /* Base */,
			);
			name = MainMenu.xib;
			sourceTree = "<group>";
		};
/* End PBXVariantGroup section */

/* Begin XCBuildConfiguration section */
		F7557C04229973B500A44142 /* Debug */ = {
			isa = XCBuildConfiguration;
			buildSettings = {
				ALWAYS_SEARCH_USER_PATHS = NO;
				CLANG_ANALYZER_NONNULL = YES;
				CLANG_ANALYZER_NUMBER_OBJECT_CONVERSION = YES_AGGRESSIVE;
				CLANG_CXX_LANGUAGE_STANDARD = "gnu++14";
				CLANG_CXX_LIBRARY = "libc++";
				CLANG_ENABLE_MODULES = YES;
				CLANG_ENABLE_OBJC_ARC = YES;
				CLANG_ENABLE_OBJC_WEAK = YES;
				CLANG_WARN_BLOCK_CAPTURE_AUTORELEASING = YES;
				CLANG_WARN_BOOL_CONVERSION = YES;
				CLANG_WARN_COMMA = YES;
				CLANG_WARN_CONSTANT_CONVERSION = YES;
				CLANG_WARN_DEPRECATED_OBJC_IMPLEMENTATIONS = YES;
				CLANG_WARN_DIRECT_OBJC_ISA_USAGE = YES_ERROR;
				CLANG_WARN_DOCUMENTATION_COMMENTS = YES;
				CLANG_WARN_EMPTY_BODY = YES;
				CLANG_WARN_ENUM_CONVERSION = YES;
				CLANG_WARN_INFINITE_RECURSION = YES;
				CLANG_WARN_INT_CONVERSION = YES;
				CLANG_WARN_NON_LITERAL_NULL_CONVERSION = YES;
				CLANG_WARN_OBJC_IMPLICIT_RETAIN_SELF = YES;
				CLANG_WARN_OBJC_LITERAL_CONVERSION = YES;
				CLANG_WARN_OBJC_ROOT_CLASS = YES_ERROR;
				CLANG_WARN_RANGE_LOOP_ANALYSIS = YES;
				CLANG_WARN_STRICT_PROTOTYPES = YES;
				CLANG_WARN_SUSPICIOUS_MOVE = YES;
				CLANG_WARN_UNGUARDED_AVAILABILITY = YES_AGGRESSIVE;
				CLANG_WARN_UNREACHABLE_CODE = YES;
				CLANG_WARN__DUPLICATE_METHOD_MATCH = YES;
				CODE_SIGN_IDENTITY = "-";
				COPY_PHASE_STRIP = NO;
				DEBUG_INFORMATION_FORMAT = dwarf;
				ENABLE_STRICT_OBJC_MSGSEND = YES;
				ENABLE_TESTABILITY = YES;
				GCC_C_LANGUAGE_STANDARD = gnu11;
				GCC_DYNAMIC_NO_PIC = NO;
				GCC_NO_COMMON_BLOCKS = YES;
				GCC_OPTIMIZATION_LEVEL = 0;
				GCC_PREPROCESSOR_DEFINITIONS = (
					"DEBUG=1",
					"$(inherited)",
				);
				GCC_WARN_64_TO_32_BIT_CONVERSION = YES;
				GCC_WARN_ABOUT_RETURN_TYPE = YES_ERROR;
				GCC_WARN_UNDECLARED_SELECTOR = YES;
				GCC_WARN_UNINITIALIZED_AUTOS = YES_AGGRESSIVE;
				GCC_WARN_UNUSED_FUNCTION = YES;
				GCC_WARN_UNUSED_VARIABLE = YES;
				MACOSX_DEPLOYMENT_TARGET = 10.14;
				MTL_ENABLE_DEBUG_INFO = INCLUDE_SOURCE;
				MTL_FAST_MATH = YES;
				ONLY_ACTIVE_ARCH = YES;
				SDKROOT = macosx;
			};
			name = Debug;
		};
		F7557C05229973B500A44142 /* Release */ = {
			isa = XCBuildConfiguration;
			buildSettings = {
				ALWAYS_SEARCH_USER_PATHS = NO;
				CLANG_ANALYZER_NONNULL = YES;
				CLANG_ANALYZER_NUMBER_OBJECT_CONVERSION = YES_AGGRESSIVE;
				CLANG_CXX_LANGUAGE_STANDARD = "gnu++14";
				CLANG_CXX_LIBRARY = "libc++";
				CLANG_ENABLE_MODULES = YES;
				CLANG_ENABLE_OBJC_ARC = YES;
				CLANG_ENABLE_OBJC_WEAK = YES;
				CLANG_WARN_BLOCK_CAPTURE_AUTORELEASING = YES;
				CLANG_WARN_BOOL_CONVERSION = YES;
				CLANG_WARN_COMMA = YES;
				CLANG_WARN_CONSTANT_CONVERSION = YES;
				CLANG_WARN_DEPRECATED_OBJC_IMPLEMENTATIONS = YES;
				CLANG_WARN_DIRECT_OBJC_ISA_USAGE = YES_ERROR;
				CLANG_WARN_DOCUMENTATION_COMMENTS = YES;
				CLANG_WARN_EMPTY_BODY = YES;
				CLANG_WARN_ENUM_CONVERSION = YES;
				CLANG_WARN_INFINITE_RECURSION = YES;
				CLANG_WARN_INT_CONVERSION = YES;
				CLANG_WARN_NON_LITERAL_NULL_CONVERSION = YES;
				CLANG_WARN_OBJC_IMPLICIT_RETAIN_SELF = YES;
				CLANG_WARN_OBJC_LITERAL_CONVERSION = YES;
				CLANG_WARN_OBJC_ROOT_CLASS = YES_ERROR;
				CLANG_WARN_RANGE_LOOP_ANALYSIS = YES;
				CLANG_WARN_STRICT_PROTOTYPES = YES;
				CLANG_WARN_SUSPICIOUS_MOVE = YES;
				CLANG_WARN_UNGUARDED_AVAILABILITY = YES_AGGRESSIVE;
				CLANG_WARN_UNREACHABLE_CODE = YES;
				CLANG_WARN__DUPLICATE_METHOD_MATCH = YES;
				CODE_SIGN_IDENTITY = "-";
				COPY_PHASE_STRIP = NO;
				DEBUG_INFORMATION_FORMAT = "dwarf-with-dsym";
				ENABLE_NS_ASSERTIONS = NO;
				ENABLE_STRICT_OBJC_MSGSEND = YES;
				GCC_C_LANGUAGE_STANDARD = gnu11;
				GCC_NO_COMMON_BLOCKS = YES;
				GCC_WARN_64_TO_32_BIT_CONVERSION = YES;
				GCC_WARN_ABOUT_RETURN_TYPE = YES_ERROR;
				GCC_WARN_UNDECLARED_SELECTOR = YES;
				GCC_WARN_UNINITIALIZED_AUTOS = YES_AGGRESSIVE;
				GCC_WARN_UNUSED_FUNCTION = YES;
				GCC_WARN_UNUSED_VARIABLE = YES;
				MACOSX_DEPLOYMENT_TARGET = 10.14;
				MTL_ENABLE_DEBUG_INFO = NO;
				MTL_FAST_MATH = YES;
				SDKROOT = macosx;
			};
			name = Release;
		};
		F7557C07229973B500A44142 /* Debug */ = {
			isa = XCBuildConfiguration;
			buildSettings = {
				ASSETCATALOG_COMPILER_APPICON_NAME = AppIcon;
				CODE_SIGN_ENTITLEMENTS = FinalProject/FinalProject.entitlements;
				CODE_SIGN_STYLE = Automatic;
				COMBINE_HIDPI_IMAGES = YES;
				HEADER_SEARCH_PATHS = /usr/local/include;
				INFOPLIST_FILE = FinalProject/Info.plist;
				LD_RUNPATH_SEARCH_PATHS = (
					"$(inherited)",
					"@executable_path/../Frameworks",
				);
				LIBRARY_SEARCH_PATHS = (
					/usr/local/lib,
					/usr/local/Cellar/allegro/5.2.4.0/lib,
				);
				PRODUCT_BUNDLE_IDENTIFIER = test.test.FinalProject;
				PRODUCT_NAME = "$(TARGET_NAME)";
			};
			name = Debug;
		};
		F7557C08229973B500A44142 /* Release */ = {
			isa = XCBuildConfiguration;
			buildSettings = {
				ASSETCATALOG_COMPILER_APPICON_NAME = AppIcon;
				CODE_SIGN_ENTITLEMENTS = FinalProject/FinalProject.entitlements;
				CODE_SIGN_STYLE = Automatic;
				COMBINE_HIDPI_IMAGES = YES;
				HEADER_SEARCH_PATHS = /usr/local/include;
				INFOPLIST_FILE = FinalProject/Info.plist;
				LD_RUNPATH_SEARCH_PATHS = (
					"$(inherited)",
					"@executable_path/../Frameworks",
				);
				LIBRARY_SEARCH_PATHS = (
					/usr/local/lib,
					/usr/local/Cellar/allegro/5.2.4.0/lib,
				);
				PRODUCT_BUNDLE_IDENTIFIER = test.test.FinalProject;
				PRODUCT_NAME = "$(TARGET_NAME)";
			};
			name = Release;
		};
/* End XCBuildConfiguration section */

/* Begin XCConfigurationList section */
		F7557BF0229973B400A44142 /* Build configuration list for PBXProject "FinalProject" */ = {
			isa = XCConfigurationList;
			buildConfigurations = (
				F7557C04229973B500A44142 /* Debug */,
				F7557C05229973B500A44142 /* Release */,
			);
			defaultConfigurationIsVisible = 0;
			defaultConfigurationName = Release;
		};
		F7557C06229973B500A44142 /* Build configuration list for PBXNativeTarget "FinalProject" */ = {
			isa = XCConfigurationList;
			buildConfigurations = (
				F7557C07229973B500A44142 /* Debug */,
				F7557C08229973B500A44142 /* Release */,
			);
			defaultConfigurationIsVisible = 0;
			defaultConfigurationName = Release;
		};
/* End XCConfigurationList section */
	};
	rootObject = F7557BED229973B400A44142 /* Project object */;
}
